
Microsoft Visual Studio Solution File, Format Version 12.00
# Visual Studio 2013
VisualStudioVersion = 12.0.21005.1
MinimumVisualStudioVersion = 10.0.40219.1
Project("{FAE04EC0-301F-11D3-BF4B-00C04F79EFBC}") = "MI", "MI\MI\MI.csproj", "{35A8EE30-90B0-47CB-A6E0-AA038275DB70}"
EndProject
Project("{96E2B04D-8817-42C6-938A-82C39BA4D311}") = "MIContent", "MI\MIContent\MIContent.contentproj", "{7E483297-5103-41D3-B05D-D4618C360758}"
EndProject
Global
	GlobalSection(SolutionConfigurationPlatforms) = preSolution
		Debug|x86 = Debug|x86
		Release|x86 = Release|x86
	EndGlobalSection
	GlobalSection(ProjectConfigurationPlatforms) = postSolution
		{35A8EE30-90B0-47CB-A6E0-AA038275DB70}.Debug|x86.ActiveCfg = Debug|x86
		{35A8EE30-90B0-47CB-A6E0-AA038275DB70}.Debug|x86.Build.0 = Debug|x86
		{35A8EE30-90B0-47CB-A6E0-AA038275DB70}.Release|x86.ActiveCfg = Release|x86
		{35A8EE30-90B0-47CB-A6E0-AA038275DB70}.Release|x86.Build.0 = Release|x86
		{7E483297-5103-41D3-B05D-D4618C360758}.Debug|x86.ActiveCfg = Debug|x86
		{7E483297-5103-41D3-B05D-D4618C360758}.Release|x86.ActiveCfg = Release|x86
	EndGlobalSection
	GlobalSection(SolutionProperties) = preSolution
		HideSolutionNode = FALSE
	EndGlobalSection
EndGlobal
