
Microsoft Visual Studio Solution File, Format Version 12.00
# Visual Studio 2013
VisualStudioVersion = 12.0.21005.1
MinimumVisualStudioVersion = 10.0.40219.1
Project("{FAE04EC0-301F-11D3-BF4B-00C04F79EFBC}") = "MIProject", "MIProject\MIProject\MIProject.csproj", "{2DA01A64-7544-45AB-AFB9-7BA89200BCBA}"
EndProject
Project("{96E2B04D-8817-42C6-938A-82C39BA4D311}") = "MIProjectContent", "MIProject\MIProjectContent\MIProjectContent.contentproj", "{8C828AD6-21FA-481A-99D0-0274ED4CACEE}"
EndProject
Global
	GlobalSection(SolutionConfigurationPlatforms) = preSolution
		Debug|x86 = Debug|x86
		Release|x86 = Release|x86
	EndGlobalSection
	GlobalSection(ProjectConfigurationPlatforms) = postSolution
		{2DA01A64-7544-45AB-AFB9-7BA89200BCBA}.Debug|x86.ActiveCfg = Debug|x86
		{2DA01A64-7544-45AB-AFB9-7BA89200BCBA}.Debug|x86.Build.0 = Debug|x86
		{2DA01A64-7544-45AB-AFB9-7BA89200BCBA}.Release|x86.ActiveCfg = Release|x86
		{2DA01A64-7544-45AB-AFB9-7BA89200BCBA}.Release|x86.Build.0 = Release|x86
		{8C828AD6-21FA-481A-99D0-0274ED4CACEE}.Debug|x86.ActiveCfg = Debug|x86
		{8C828AD6-21FA-481A-99D0-0274ED4CACEE}.Release|x86.ActiveCfg = Release|x86
	EndGlobalSection
	GlobalSection(SolutionProperties) = preSolution
		HideSolutionNode = FALSE
	EndGlobalSection
EndGlobal
